
Microsoft Visual Studio Solution File, Format Version 12.00
# Visual Studio Version 16
VisualStudioVersion = 16.0.31129.286
MinimumVisualStudioVersion = 10.0.40219.1
Project("{FAE04EC0-301F-11D3-BF4B-00C04F79EFBC}") = "MethodAgeName", "MethodAgeName.csproj", "{1E82844A-2B88-4E10-B6F9-1A25F65BF53A}"
EndProject
Global
	GlobalSection(SolutionConfigurationPlatforms) = preSolution
		Debug|Any CPU = Debug|Any CPU
		Release|Any CPU = Release|Any CPU
	EndGlobalSection
	GlobalSection(ProjectConfigurationPlatforms) = postSolution
		{1E82844A-2B88-4E10-B6F9-1A25F65BF53A}.Debug|Any CPU.ActiveCfg = Debug|Any CPU
		{1E82844A-2B88-4E10-B6F9-1A25F65BF53A}.Debug|Any CPU.Build.0 = Debug|Any CPU
		{1E82844A-2B88-4E10-B6F9-1A25F65BF53A}.Release|Any CPU.ActiveCfg = Release|Any CPU
		{1E82844A-2B88-4E10-B6F9-1A25F65BF53A}.Release|Any CPU.Build.0 = Release|Any CPU
	EndGlobalSection
	GlobalSection(SolutionProperties) = preSolution
		HideSolutionNode = FALSE
	EndGlobalSection
	GlobalSection(ExtensibilityGlobals) = postSolution
		SolutionGuid = {85F0285E-CD51-435B-BE63-65F885724894}
	EndGlobalSection
EndGlobal
