
Microsoft Visual Studio Solution File, Format Version 12.00
# Visual Studio Version 16
VisualStudioVersion = 16.0.31129.286
MinimumVisualStudioVersion = 10.0.40219.1
Project("{FAE04EC0-301F-11D3-BF4B-00C04F79EFBC}") = "GuessTheNumber", "GuessTheNumber.csproj", "{2CFD67A2-2F36-4F7D-9B17-EB756A8EC629}"
EndProject
Global
	GlobalSection(SolutionConfigurationPlatforms) = preSolution
		Debug|Any CPU = Debug|Any CPU
		Release|Any CPU = Release|Any CPU
	EndGlobalSection
	GlobalSection(ProjectConfigurationPlatforms) = postSolution
		{2CFD67A2-2F36-4F7D-9B17-EB756A8EC629}.Debug|Any CPU.ActiveCfg = Debug|Any CPU
		{2CFD67A2-2F36-4F7D-9B17-EB756A8EC629}.Debug|Any CPU.Build.0 = Debug|Any CPU
		{2CFD67A2-2F36-4F7D-9B17-EB756A8EC629}.Release|Any CPU.ActiveCfg = Release|Any CPU
		{2CFD67A2-2F36-4F7D-9B17-EB756A8EC629}.Release|Any CPU.Build.0 = Release|Any CPU
	EndGlobalSection
	GlobalSection(SolutionProperties) = preSolution
		HideSolutionNode = FALSE
	EndGlobalSection
	GlobalSection(ExtensibilityGlobals) = postSolution
		SolutionGuid = {2366B6D8-8612-4DF0-8922-A093CD78B0CB}
	EndGlobalSection
EndGlobal
